// !$*UTF8*$!
{
	archiveVersion = 1;
	classes = {
	};
	objectVersion = 50;
	objects = {

/* Begin PBXBuildFile section */
		9507792821CFB5C1001565F8 /* HomeIconShortcuts.swift in Sources */ = {isa = PBXBuildFile; fileRef = 9507792721CFB5C1001565F8 /* HomeIconShortcuts.swift */; };
		95084DCE2184033C00966399 /* AppDelegate.swift in Sources */ = {isa = PBXBuildFile; fileRef = 95084DCD2184033C00966399 /* AppDelegate.swift */; };
		95084DD32184033C00966399 /* Main.storyboard in Resources */ = {isa = PBXBuildFile; fileRef = 95084DD12184033C00966399 /* Main.storyboard */; };
		95084DD52184033E00966399 /* Assets.xcassets in Resources */ = {isa = PBXBuildFile; fileRef = 95084DD42184033E00966399 /* Assets.xcassets */; };
		95084DD82184033E00966399 /* LaunchScreen.storyboard in Resources */ = {isa = PBXBuildFile; fileRef = 95084DD62184033E00966399 /* LaunchScreen.storyboard */; };
		95084DE3218403C200966399 /* Forum.swift in Sources */ = {isa = PBXBuildFile; fileRef = 95084DE2218403C200966399 /* Forum.swift */; };
		95084DE721844CA300966399 /* MainForumTableViewCell.swift in Sources */ = {isa = PBXBuildFile; fileRef = 95084DE621844CA300966399 /* MainForumTableViewCell.swift */; };
		95084DEA21844CB500966399 /* MainForumCell.xib in Resources */ = {isa = PBXBuildFile; fileRef = 95084DE921844CB500966399 /* MainForumCell.xib */; };
		95278470218804BF00FBEB2A /* FontSize.swift in Sources */ = {isa = PBXBuildFile; fileRef = 9527846F218804BF00FBEB2A /* FontSize.swift */; };
		954D741A224CAC3900DAA3B1 /* Extensions+String.swift in Sources */ = {isa = PBXBuildFile; fileRef = 954D7419224CAC3900DAA3B1 /* Extensions+String.swift */; };
		954D741D224CAD0100DAA3B1 /* UserForum.swift in Sources */ = {isa = PBXBuildFile; fileRef = 954D741C224CAD0100DAA3B1 /* UserForum.swift */; };
		954D741F224CAD1700DAA3B1 /* FavoriteTheme.swift in Sources */ = {isa = PBXBuildFile; fileRef = 954D741E224CAD1700DAA3B1 /* FavoriteTheme.swift */; };
		95668F8E21855B190009B99A /* SubForumTableViewController.swift in Sources */ = {isa = PBXBuildFile; fileRef = 95668F8D21855B190009B99A /* SubForumTableViewController.swift */; };
		95668F90218571C70009B99A /* TopicCell.xib in Resources */ = {isa = PBXBuildFile; fileRef = 95668F8F218571C70009B99A /* TopicCell.xib */; };
		95668F922185727A0009B99A /* TopicCellTableViewCell.swift in Sources */ = {isa = PBXBuildFile; fileRef = 95668F912185727A0009B99A /* TopicCellTableViewCell.swift */; };
		95668F9A2185BD2A0009B99A /* MainForumTableViewController.swift in Sources */ = {isa = PBXBuildFile; fileRef = 95668F992185BD290009B99A /* MainForumTableViewController.swift */; };
		95668F9C2185D8E70009B99A /* SettingsViewController.swift in Sources */ = {isa = PBXBuildFile; fileRef = 95668F9B2185D8E70009B99A /* SettingsViewController.swift */; };
		95E8456D21C9FB040063CDAA /* Animate.swift in Sources */ = {isa = PBXBuildFile; fileRef = 95E8456C21C9FB040063CDAA /* Animate.swift */; };
		95E8457F21CA26DA0063CDAA /* Localizable.strings in Resources */ = {isa = PBXBuildFile; fileRef = 95E8458121CA26DA0063CDAA /* Localizable.strings */; };
		95E8458421CA2C490063CDAA /* InfoPlist.strings in Resources */ = {isa = PBXBuildFile; fileRef = 95E8458621CA2C490063CDAA /* InfoPlist.strings */; };
		95EBDF4421C8A15B00D4BDB3 /* FavoriteThemesViewController.swift in Sources */ = {isa = PBXBuildFile; fileRef = 95EBDF4321C8A15B00D4BDB3 /* FavoriteThemesViewController.swift */; };
		95EBDF4E21C910C800D4BDB3 /* Theme.swift in Sources */ = {isa = PBXBuildFile; fileRef = 95EBDF4D21C910C800D4BDB3 /* Theme.swift */; };
		95F8470421C649340067F193 /* ForumCell.xib in Resources */ = {isa = PBXBuildFile; fileRef = 95F8470321C649340067F193 /* ForumCell.xib */; };
		95F8470621C64A5F0067F193 /* ForumCell.swift in Sources */ = {isa = PBXBuildFile; fileRef = 95F8470521C64A5F0067F193 /* ForumCell.swift */; };
		95F8470821C64BF70067F193 /* UserForumsTableViewController.swift in Sources */ = {isa = PBXBuildFile; fileRef = 95F8470721C64BF70067F193 /* UserForumsTableViewController.swift */; };
		95F8470D21C652A30067F193 /* UserForums.swift in Sources */ = {isa = PBXBuildFile; fileRef = 95F8470C21C652A30067F193 /* UserForums.swift */; };
		95FF557921C756A00008F6E2 /* FavoriteThemes.swift in Sources */ = {isa = PBXBuildFile; fileRef = 95FF557821C756A00008F6E2 /* FavoriteThemes.swift */; };
		95FF557C21C7A8260008F6E2 /* TopicTableViewController.swift in Sources */ = {isa = PBXBuildFile; fileRef = 95FF557B21C7A8260008F6E2 /* TopicTableViewController.swift */; };
		95FF557E21C7A8700008F6E2 /* CurrentForum.swift in Sources */ = {isa = PBXBuildFile; fileRef = 95FF557D21C7A8700008F6E2 /* CurrentForum.swift */; };
		BE456F35028185F2C7DB023E /* Pods_DreamHackersForum.framework in Frameworks */ = {isa = PBXBuildFile; fileRef = 94DE46AED710B5C3CD8B1A48 /* Pods_DreamHackersForum.framework */; };
/* End PBXBuildFile section */

/* Begin PBXFileReference section */
		0F25BDB8DFC24872380F5D31 /* Pods-DreamHackersForum.release.xcconfig */ = {isa = PBXFileReference; includeInIndex = 1; lastKnownFileType = text.xcconfig; name = "Pods-DreamHackersForum.release.xcconfig"; path = "Pods/Target Support Files/Pods-DreamHackersForum/Pods-DreamHackersForum.release.xcconfig"; sourceTree = "<group>"; };
		375DFA19E02B7A1B8198DCE1 /* Pods-DreamHackersForum.debug.xcconfig */ = {isa = PBXFileReference; includeInIndex = 1; lastKnownFileType = text.xcconfig; name = "Pods-DreamHackersForum.debug.xcconfig"; path = "Pods/Target Support Files/Pods-DreamHackersForum/Pods-DreamHackersForum.debug.xcconfig"; sourceTree = "<group>"; };
		94DE46AED710B5C3CD8B1A48 /* Pods_DreamHackersForum.framework */ = {isa = PBXFileReference; explicitFileType = wrapper.framework; includeInIndex = 0; path = Pods_DreamHackersForum.framework; sourceTree = BUILT_PRODUCTS_DIR; };
		9507792721CFB5C1001565F8 /* HomeIconShortcuts.swift */ = {isa = PBXFileReference; lastKnownFileType = sourcecode.swift; path = HomeIconShortcuts.swift; sourceTree = "<group>"; };
		9507792921CFB682001565F8 /* DreamHackersForum.entitlements */ = {isa = PBXFileReference; lastKnownFileType = text.plist.entitlements; path = DreamHackersForum.entitlements; sourceTree = "<group>"; };
		95084DCA2184033C00966399 /* DreamHackersForum.app */ = {isa = PBXFileReference; explicitFileType = wrapper.application; includeInIndex = 0; path = DreamHackersForum.app; sourceTree = BUILT_PRODUCTS_DIR; };
		95084DCD2184033C00966399 /* AppDelegate.swift */ = {isa = PBXFileReference; lastKnownFileType = sourcecode.swift; path = AppDelegate.swift; sourceTree = "<group>"; };
		95084DD22184033C00966399 /* Base */ = {isa = PBXFileReference; lastKnownFileType = file.storyboard; name = Base; path = Base.lproj/Main.storyboard; sourceTree = "<group>"; };
		95084DD42184033E00966399 /* Assets.xcassets */ = {isa = PBXFileReference; lastKnownFileType = folder.assetcatalog; path = Assets.xcassets; sourceTree = "<group>"; };
		95084DD72184033E00966399 /* Base */ = {isa = PBXFileReference; lastKnownFileType = file.storyboard; name = Base; path = Base.lproj/LaunchScreen.storyboard; sourceTree = "<group>"; };
		95084DD92184033E00966399 /* Info.plist */ = {isa = PBXFileReference; lastKnownFileType = text.plist.xml; path = Info.plist; sourceTree = "<group>"; };
		95084DE2218403C200966399 /* Forum.swift */ = {isa = PBXFileReference; lastKnownFileType = sourcecode.swift; path = Forum.swift; sourceTree = "<group>"; };
		95084DE621844CA300966399 /* MainForumTableViewCell.swift */ = {isa = PBXFileReference; lastKnownFileType = sourcecode.swift; path = MainForumTableViewCell.swift; sourceTree = "<group>"; };
		95084DE921844CB500966399 /* MainForumCell.xib */ = {isa = PBXFileReference; lastKnownFileType = file.xib; path = MainForumCell.xib; sourceTree = "<group>"; };
		9527846F218804BF00FBEB2A /* FontSize.swift */ = {isa = PBXFileReference; lastKnownFileType = sourcecode.swift; path = FontSize.swift; sourceTree = "<group>"; };
		954D7419224CAC3900DAA3B1 /* Extensions+String.swift */ = {isa = PBXFileReference; lastKnownFileType = sourcecode.swift; path = "Extensions+String.swift"; sourceTree = "<group>"; };
		954D741C224CAD0100DAA3B1 /* UserForum.swift */ = {isa = PBXFileReference; lastKnownFileType = sourcecode.swift; path = UserForum.swift; sourceTree = "<group>"; };
		954D741E224CAD1700DAA3B1 /* FavoriteTheme.swift */ = {isa = PBXFileReference; lastKnownFileType = sourcecode.swift; path = FavoriteTheme.swift; sourceTree = "<group>"; };
		95668F8D21855B190009B99A /* SubForumTableViewController.swift */ = {isa = PBXFileReference; lastKnownFileType = sourcecode.swift; path = SubForumTableViewController.swift; sourceTree = "<group>"; };
		95668F8F218571C70009B99A /* TopicCell.xib */ = {isa = PBXFileReference; lastKnownFileType = file.xib; path = TopicCell.xib; sourceTree = "<group>"; };
		95668F912185727A0009B99A /* TopicCellTableViewCell.swift */ = {isa = PBXFileReference; lastKnownFileType = sourcecode.swift; path = TopicCellTableViewCell.swift; sourceTree = "<group>"; };
		95668F992185BD290009B99A /* MainForumTableViewController.swift */ = {isa = PBXFileReference; fileEncoding = 4; lastKnownFileType = sourcecode.swift; name = MainForumTableViewController.swift; path = ../../../../../Downloads/MainForumTableViewController.swift; sourceTree = "<group>"; };
		95668F9B2185D8E70009B99A /* SettingsViewController.swift */ = {isa = PBXFileReference; lastKnownFileType = sourcecode.swift; path = SettingsViewController.swift; sourceTree = "<group>"; };
		95E8456C21C9FB040063CDAA /* Animate.swift */ = {isa = PBXFileReference; lastKnownFileType = sourcecode.swift; path = Animate.swift; sourceTree = "<group>"; };
		95E8456E21CA08BF0063CDAA /* ru */ = {isa = PBXFileReference; lastKnownFileType = text.plist.strings; name = ru; path = ru.lproj/Main.strings; sourceTree = "<group>"; };
		95E8456F21CA08C00063CDAA /* ru */ = {isa = PBXFileReference; lastKnownFileType = text.plist.strings; name = ru; path = ru.lproj/LaunchScreen.strings; sourceTree = "<group>"; };
		95E8458021CA26DA0063CDAA /* ru */ = {isa = PBXFileReference; lastKnownFileType = text.plist.strings; name = ru; path = ru.lproj/Localizable.strings; sourceTree = "<group>"; };
		95E8458521CA2C490063CDAA /* en */ = {isa = PBXFileReference; lastKnownFileType = text.plist.strings; name = en; path = en.lproj/InfoPlist.strings; sourceTree = "<group>"; };
		95E8458821CA2CDE0063CDAA /* ru */ = {isa = PBXFileReference; lastKnownFileType = text.plist.strings; name = ru; path = ru.lproj/InfoPlist.strings; sourceTree = "<group>"; };
		95EBDF4321C8A15B00D4BDB3 /* FavoriteThemesViewController.swift */ = {isa = PBXFileReference; lastKnownFileType = sourcecode.swift; path = FavoriteThemesViewController.swift; sourceTree = "<group>"; };
		95EBDF4D21C910C800D4BDB3 /* Theme.swift */ = {isa = PBXFileReference; lastKnownFileType = sourcecode.swift; path = Theme.swift; sourceTree = "<group>"; };
		95F8470321C649340067F193 /* ForumCell.xib */ = {isa = PBXFileReference; lastKnownFileType = file.xib; path = ForumCell.xib; sourceTree = "<group>"; };
		95F8470521C64A5F0067F193 /* ForumCell.swift */ = {isa = PBXFileReference; lastKnownFileType = sourcecode.swift; path = ForumCell.swift; sourceTree = "<group>"; };
		95F8470721C64BF70067F193 /* UserForumsTableViewController.swift */ = {isa = PBXFileReference; lastKnownFileType = sourcecode.swift; path = UserForumsTableViewController.swift; sourceTree = "<group>"; };
		95F8470C21C652A30067F193 /* UserForums.swift */ = {isa = PBXFileReference; lastKnownFileType = sourcecode.swift; path = UserForums.swift; sourceTree = "<group>"; };
		95FF557821C756A00008F6E2 /* FavoriteThemes.swift */ = {isa = PBXFileReference; lastKnownFileType = sourcecode.swift; path = FavoriteThemes.swift; sourceTree = "<group>"; };
		95FF557B21C7A8260008F6E2 /* TopicTableViewController.swift */ = {isa = PBXFileReference; fileEncoding = 4; lastKnownFileType = sourcecode.swift; path = TopicTableViewController.swift; sourceTree = "<group>"; };
		95FF557D21C7A8700008F6E2 /* CurrentForum.swift */ = {isa = PBXFileReference; lastKnownFileType = sourcecode.swift; path = CurrentForum.swift; sourceTree = "<group>"; };
/* End PBXFileReference section */

/* Begin PBXFrameworksBuildPhase section */
		95084DC72184033C00966399 /* Frameworks */ = {
			isa = PBXFrameworksBuildPhase;
			buildActionMask = 2147483647;
			files = (
				BE456F35028185F2C7DB023E /* Pods_DreamHackersForum.framework in Frameworks */,
			);
			runOnlyForDeploymentPostprocessing = 0;
		};
/* End PBXFrameworksBuildPhase section */

/* Begin PBXGroup section */
		95084DC12184033C00966399 = {
			isa = PBXGroup;
			children = (
				95084DCC2184033C00966399 /* DreamHackersForum */,
				95084DCB2184033C00966399 /* Products */,
				B630808B48177F4523FCC3CC /* Pods */,
				F4D28CDE9007A1A45BFC5073 /* Frameworks */,
			);
			sourceTree = "<group>";
		};
		95084DCB2184033C00966399 /* Products */ = {
			isa = PBXGroup;
			children = (
				95084DCA2184033C00966399 /* DreamHackersForum.app */,
			);
			name = Products;
			sourceTree = "<group>";
		};
		95084DCC2184033C00966399 /* DreamHackersForum */ = {
			isa = PBXGroup;
			children = (
				954D741B224CACB100DAA3B1 /* Resources */,
				954D7418224CAC0600DAA3B1 /* Extensions */,
				954D7417224CABEB00DAA3B1 /* Classes */,
				9507792921CFB682001565F8 /* DreamHackersForum.entitlements */,
				95E8457021CA093C0063CDAA /* Localization */,
				95084DDF2184039300966399 /* Models */,
				95084DE1218403A300966399 /* Views */,
				95084DE02184039700966399 /* SupportedFiles */,
			);
			path = DreamHackersForum;
			sourceTree = "<group>";
		};
		95084DDF2184039300966399 /* Models */ = {
			isa = PBXGroup;
			children = (
				954D741C224CAD0100DAA3B1 /* UserForum.swift */,
				954D741E224CAD1700DAA3B1 /* FavoriteTheme.swift */,
			);
			path = Models;
			sourceTree = "<group>";
		};
		95084DE02184039700966399 /* SupportedFiles */ = {
			isa = PBXGroup;
			children = (
				95084DD92184033E00966399 /* Info.plist */,
				95E8458621CA2C490063CDAA /* InfoPlist.strings */,
				9507792721CFB5C1001565F8 /* HomeIconShortcuts.swift */,
			);
			path = SupportedFiles;
			sourceTree = "<group>";
		};
		95084DE1218403A300966399 /* Views */ = {
			isa = PBXGroup;
			children = (
				95084DD12184033C00966399 /* Main.storyboard */,
				95084DE821844CA600966399 /* Cell */,
				95668F992185BD290009B99A /* MainForumTableViewController.swift */,
				95668F8D21855B190009B99A /* SubForumTableViewController.swift */,
				95668F9B2185D8E70009B99A /* SettingsViewController.swift */,
				95FF557B21C7A8260008F6E2 /* TopicTableViewController.swift */,
				95F8470721C64BF70067F193 /* UserForumsTableViewController.swift */,
				95EBDF4321C8A15B00D4BDB3 /* FavoriteThemesViewController.swift */,
			);
			path = Views;
			sourceTree = "<group>";
		};
		95084DE821844CA600966399 /* Cell */ = {
			isa = PBXGroup;
			children = (
				95084DE621844CA300966399 /* MainForumTableViewCell.swift */,
				95084DE921844CB500966399 /* MainForumCell.xib */,
				95668F8F218571C70009B99A /* TopicCell.xib */,
				95668F912185727A0009B99A /* TopicCellTableViewCell.swift */,
				95F8470321C649340067F193 /* ForumCell.xib */,
				95F8470521C64A5F0067F193 /* ForumCell.swift */,
			);
			path = Cell;
			sourceTree = "<group>";
		};
		954D7417224CABEB00DAA3B1 /* Classes */ = {
			isa = PBXGroup;
			children = (
				95084DCD2184033C00966399 /* AppDelegate.swift */,
				95084DE2218403C200966399 /* Forum.swift */,
				9527846F218804BF00FBEB2A /* FontSize.swift */,
				95F8470C21C652A30067F193 /* UserForums.swift */,
				95FF557821C756A00008F6E2 /* FavoriteThemes.swift */,
				95FF557D21C7A8700008F6E2 /* CurrentForum.swift */,
				95EBDF4D21C910C800D4BDB3 /* Theme.swift */,
				95E8456C21C9FB040063CDAA /* Animate.swift */,
			);
			path = Classes;
			sourceTree = "<group>";
		};
		954D7418224CAC0600DAA3B1 /* Extensions */ = {
			isa = PBXGroup;
			children = (
				954D7419224CAC3900DAA3B1 /* Extensions+String.swift */,
			);
			path = Extensions;
			sourceTree = "<group>";
		};
		954D741B224CACB100DAA3B1 /* Resources */ = {
			isa = PBXGroup;
			children = (
				95084DD42184033E00966399 /* Assets.xcassets */,
				95084DD62184033E00966399 /* LaunchScreen.storyboard */,
			);
			path = Resources;
			sourceTree = "<group>";
		};
		95E8457021CA093C0063CDAA /* Localization */ = {
			isa = PBXGroup;
			children = (
				95E8458121CA26DA0063CDAA /* Localizable.strings */,
			);
			path = Localization;
			sourceTree = "<group>";
		};
		B630808B48177F4523FCC3CC /* Pods */ = {
			isa = PBXGroup;
			children = (
				375DFA19E02B7A1B8198DCE1 /* Pods-DreamHackersForum.debug.xcconfig */,
				0F25BDB8DFC24872380F5D31 /* Pods-DreamHackersForum.release.xcconfig */,
			);
			name = Pods;
			sourceTree = "<group>";
		};
		F4D28CDE9007A1A45BFC5073 /* Frameworks */ = {
			isa = PBXGroup;
			children = (
				94DE46AED710B5C3CD8B1A48 /* Pods_DreamHackersForum.framework */,
			);
			name = Frameworks;
			sourceTree = "<group>";
		};
/* End PBXGroup section */

/* Begin PBXNativeTarget section */
		95084DC92184033C00966399 /* DreamHackersForum */ = {
			isa = PBXNativeTarget;
			buildConfigurationList = 95084DDC2184033E00966399 /* Build configuration list for PBXNativeTarget "DreamHackersForum" */;
			buildPhases = (
				86908964255CB009DC8F2B4B /* [CP] Check Pods Manifest.lock */,
				95084DC62184033C00966399 /* Sources */,
				95084DC72184033C00966399 /* Frameworks */,
				95084DC82184033C00966399 /* Resources */,
				85B44E24F7BD0C6EEFFFB731 /* [CP] Embed Pods Frameworks */,
			);
			buildRules = (
			);
			dependencies = (
			);
			name = DreamHackersForum;
			productName = DreamHackersForum;
			productReference = 95084DCA2184033C00966399 /* DreamHackersForum.app */;
			productType = "com.apple.product-type.application";
		};
/* End PBXNativeTarget section */

/* Begin PBXProject section */
		95084DC22184033C00966399 /* Project object */ = {
			isa = PBXProject;
			attributes = {
				LastSwiftUpdateCheck = 1000;
				LastUpgradeCheck = 1000;
				ORGANIZATIONNAME = "Pavel Moslienko";
				TargetAttributes = {
					95084DC92184033C00966399 = {
						CreatedOnToolsVersion = 10.0;
						LastSwiftMigration = 1020;
						SystemCapabilities = {
							com.apple.ApplicationGroups.iOS = {
								enabled = 1;
							};
						};
					};
				};
			};
			buildConfigurationList = 95084DC52184033C00966399 /* Build configuration list for PBXProject "DreamHackersForum" */;
			compatibilityVersion = "Xcode 9.3";
			developmentRegion = en;
			hasScannedForEncodings = 0;
			knownRegions = (
				en,
				Base,
				ru,
			);
			mainGroup = 95084DC12184033C00966399;
			productRefGroup = 95084DCB2184033C00966399 /* Products */;
			projectDirPath = "";
			projectRoot = "";
			targets = (
				95084DC92184033C00966399 /* DreamHackersForum */,
			);
		};
/* End PBXProject section */

/* Begin PBXResourcesBuildPhase section */
		95084DC82184033C00966399 /* Resources */ = {
			isa = PBXResourcesBuildPhase;
			buildActionMask = 2147483647;
			files = (
				95084DEA21844CB500966399 /* MainForumCell.xib in Resources */,
				95E8458421CA2C490063CDAA /* InfoPlist.strings in Resources */,
				95F8470421C649340067F193 /* ForumCell.xib in Resources */,
				95084DD82184033E00966399 /* LaunchScreen.storyboard in Resources */,
				95668F90218571C70009B99A /* TopicCell.xib in Resources */,
				95084DD52184033E00966399 /* Assets.xcassets in Resources */,
				95E8457F21CA26DA0063CDAA /* Localizable.strings in Resources */,
				95084DD32184033C00966399 /* Main.storyboard in Resources */,
			);
			runOnlyForDeploymentPostprocessing = 0;
		};
/* End PBXResourcesBuildPhase section */

/* Begin PBXShellScriptBuildPhase section */
		85B44E24F7BD0C6EEFFFB731 /* [CP] Embed Pods Frameworks */ = {
			isa = PBXShellScriptBuildPhase;
			buildActionMask = 2147483647;
			files = (
			);
			inputPaths = (
				"${SRCROOT}/Pods/Target Support Files/Pods-DreamHackersForum/Pods-DreamHackersForum-frameworks.sh",
				"${BUILT_PRODUCTS_DIR}/JGProgressHUD/JGProgressHUD.framework",
				"${BUILT_PRODUCTS_DIR}/Realm/Realm.framework",
				"${BUILT_PRODUCTS_DIR}/RealmSwift/RealmSwift.framework",
				"${BUILT_PRODUCTS_DIR}/SwiftSoup/SwiftSoup.framework",
			);
			name = "[CP] Embed Pods Frameworks";
			outputPaths = (
				"${TARGET_BUILD_DIR}/${FRAMEWORKS_FOLDER_PATH}/JGProgressHUD.framework",
				"${TARGET_BUILD_DIR}/${FRAMEWORKS_FOLDER_PATH}/Realm.framework",
				"${TARGET_BUILD_DIR}/${FRAMEWORKS_FOLDER_PATH}/RealmSwift.framework",
				"${TARGET_BUILD_DIR}/${FRAMEWORKS_FOLDER_PATH}/SwiftSoup.framework",
			);
			runOnlyForDeploymentPostprocessing = 0;
			shellPath = /bin/sh;
			shellScript = "\"${SRCROOT}/Pods/Target Support Files/Pods-DreamHackersForum/Pods-DreamHackersForum-frameworks.sh\"\n";
			showEnvVarsInLog = 0;
		};
		86908964255CB009DC8F2B4B /* [CP] Check Pods Manifest.lock */ = {
			isa = PBXShellScriptBuildPhase;
			buildActionMask = 2147483647;
			files = (
			);
			inputPaths = (
				"${PODS_PODFILE_DIR_PATH}/Podfile.lock",
				"${PODS_ROOT}/Manifest.lock",
			);
			name = "[CP] Check Pods Manifest.lock";
			outputPaths = (
				"$(DERIVED_FILE_DIR)/Pods-DreamHackersForum-checkManifestLockResult.txt",
			);
			runOnlyForDeploymentPostprocessing = 0;
			shellPath = /bin/sh;
			shellScript = "diff \"${PODS_PODFILE_DIR_PATH}/Podfile.lock\" \"${PODS_ROOT}/Manifest.lock\" > /dev/null\nif [ $? != 0 ] ; then\n    # print error to STDERR\n    echo \"error: The sandbox is not in sync with the Podfile.lock. Run 'pod install' or update your CocoaPods installation.\" >&2\n    exit 1\nfi\n# This output is used by Xcode 'outputs' to avoid re-running this script phase.\necho \"SUCCESS\" > \"${SCRIPT_OUTPUT_FILE_0}\"\n";
			showEnvVarsInLog = 0;
		};
/* End PBXShellScriptBuildPhase section */

/* Begin PBXSourcesBuildPhase section */
		95084DC62184033C00966399 /* Sources */ = {
			isa = PBXSourcesBuildPhase;
			buildActionMask = 2147483647;
			files = (
				95F8470821C64BF70067F193 /* UserForumsTableViewController.swift in Sources */,
				95668F9A2185BD2A0009B99A /* MainForumTableViewController.swift in Sources */,
				95278470218804BF00FBEB2A /* FontSize.swift in Sources */,
				95F8470621C64A5F0067F193 /* ForumCell.swift in Sources */,
				95084DE721844CA300966399 /* MainForumTableViewCell.swift in Sources */,
				9507792821CFB5C1001565F8 /* HomeIconShortcuts.swift in Sources */,
				954D741F224CAD1700DAA3B1 /* FavoriteTheme.swift in Sources */,
				95FF557921C756A00008F6E2 /* FavoriteThemes.swift in Sources */,
				95084DCE2184033C00966399 /* AppDelegate.swift in Sources */,
				95668F8E21855B190009B99A /* SubForumTableViewController.swift in Sources */,
				954D741D224CAD0100DAA3B1 /* UserForum.swift in Sources */,
				95FF557C21C7A8260008F6E2 /* TopicTableViewController.swift in Sources */,
				95EBDF4421C8A15B00D4BDB3 /* FavoriteThemesViewController.swift in Sources */,
				95E8456D21C9FB040063CDAA /* Animate.swift in Sources */,
				954D741A224CAC3900DAA3B1 /* Extensions+String.swift in Sources */,
				95084DE3218403C200966399 /* Forum.swift in Sources */,
				95668F922185727A0009B99A /* TopicCellTableViewCell.swift in Sources */,
				95F8470D21C652A30067F193 /* UserForums.swift in Sources */,
				95668F9C2185D8E70009B99A /* SettingsViewController.swift in Sources */,
				95FF557E21C7A8700008F6E2 /* CurrentForum.swift in Sources */,
				95EBDF4E21C910C800D4BDB3 /* Theme.swift in Sources */,
			);
			runOnlyForDeploymentPostprocessing = 0;
		};
/* End PBXSourcesBuildPhase section */

/* Begin PBXVariantGroup section */
		95084DD12184033C00966399 /* Main.storyboard */ = {
			isa = PBXVariantGroup;
			children = (
				95084DD22184033C00966399 /* Base */,
				95E8456E21CA08BF0063CDAA /* ru */,
			);
			name = Main.storyboard;
			sourceTree = "<group>";
		};
		95084DD62184033E00966399 /* LaunchScreen.storyboard */ = {
			isa = PBXVariantGroup;
			children = (
				95084DD72184033E00966399 /* Base */,
				95E8456F21CA08C00063CDAA /* ru */,
			);
			name = LaunchScreen.storyboard;
			sourceTree = "<group>";
		};
		95E8458121CA26DA0063CDAA /* Localizable.strings */ = {
			isa = PBXVariantGroup;
			children = (
				95E8458021CA26DA0063CDAA /* ru */,
			);
			name = Localizable.strings;
			sourceTree = "<group>";
		};
		95E8458621CA2C490063CDAA /* InfoPlist.strings */ = {
			isa = PBXVariantGroup;
			children = (
				95E8458521CA2C490063CDAA /* en */,
				95E8458821CA2CDE0063CDAA /* ru */,
			);
			name = InfoPlist.strings;
			sourceTree = "<group>";
		};
/* End PBXVariantGroup section */

/* Begin XCBuildConfiguration section */
		95084DDA2184033E00966399 /* Debug */ = {
			isa = XCBuildConfiguration;
			buildSettings = {
				ALWAYS_SEARCH_USER_PATHS = NO;
				CLANG_ANALYZER_LOCALIZABILITY_NONLOCALIZED = YES;
				CLANG_ANALYZER_NONNULL = YES;
				CLANG_ANALYZER_NUMBER_OBJECT_CONVERSION = YES_AGGRESSIVE;
				CLANG_CXX_LANGUAGE_STANDARD = "gnu++14";
				CLANG_CXX_LIBRARY = "libc++";
				CLANG_ENABLE_MODULES = YES;
				CLANG_ENABLE_OBJC_ARC = YES;
				CLANG_ENABLE_OBJC_WEAK = YES;
				CLANG_WARN_BLOCK_CAPTURE_AUTORELEASING = YES;
				CLANG_WARN_BOOL_CONVERSION = YES;
				CLANG_WARN_COMMA = YES;
				CLANG_WARN_CONSTANT_CONVERSION = YES;
				CLANG_WARN_DEPRECATED_OBJC_IMPLEMENTATIONS = YES;
				CLANG_WARN_DIRECT_OBJC_ISA_USAGE = YES_ERROR;
				CLANG_WARN_DOCUMENTATION_COMMENTS = YES;
				CLANG_WARN_EMPTY_BODY = YES;
				CLANG_WARN_ENUM_CONVERSION = YES;
				CLANG_WARN_INFINITE_RECURSION = YES;
				CLANG_WARN_INT_CONVERSION = YES;
				CLANG_WARN_NON_LITERAL_NULL_CONVERSION = YES;
				CLANG_WARN_OBJC_IMPLICIT_RETAIN_SELF = YES;
				CLANG_WARN_OBJC_LITERAL_CONVERSION = YES;
				CLANG_WARN_OBJC_ROOT_CLASS = YES_ERROR;
				CLANG_WARN_RANGE_LOOP_ANALYSIS = YES;
				CLANG_WARN_STRICT_PROTOTYPES = YES;
				CLANG_WARN_SUSPICIOUS_MOVE = YES;
				CLANG_WARN_UNGUARDED_AVAILABILITY = YES_AGGRESSIVE;
				CLANG_WARN_UNREACHABLE_CODE = YES;
				CLANG_WARN__DUPLICATE_METHOD_MATCH = YES;
				CODE_SIGN_IDENTITY = "iPhone Developer";
				COPY_PHASE_STRIP = NO;
				DEBUG_INFORMATION_FORMAT = dwarf;
				ENABLE_STRICT_OBJC_MSGSEND = YES;
				ENABLE_TESTABILITY = YES;
				GCC_C_LANGUAGE_STANDARD = gnu11;
				GCC_DYNAMIC_NO_PIC = NO;
				GCC_NO_COMMON_BLOCKS = YES;
				GCC_OPTIMIZATION_LEVEL = 0;
				GCC_PREPROCESSOR_DEFINITIONS = (
					"DEBUG=1",
					"$(inherited)",
				);
				GCC_WARN_64_TO_32_BIT_CONVERSION = YES;
				GCC_WARN_ABOUT_RETURN_TYPE = YES_ERROR;
				GCC_WARN_UNDECLARED_SELECTOR = YES;
				GCC_WARN_UNINITIALIZED_AUTOS = YES_AGGRESSIVE;
				GCC_WARN_UNUSED_FUNCTION = YES;
				GCC_WARN_UNUSED_VARIABLE = YES;
				IPHONEOS_DEPLOYMENT_TARGET = 12.0;
				MTL_ENABLE_DEBUG_INFO = INCLUDE_SOURCE;
				MTL_FAST_MATH = YES;
				ONLY_ACTIVE_ARCH = YES;
				SDKROOT = iphoneos;
				SWIFT_ACTIVE_COMPILATION_CONDITIONS = DEBUG;
				SWIFT_OPTIMIZATION_LEVEL = "-Onone";
			};
			name = Debug;
		};
		95084DDB2184033E00966399 /* Release */ = {
			isa = XCBuildConfiguration;
			buildSettings = {
				ALWAYS_SEARCH_USER_PATHS = NO;
				CLANG_ANALYZER_LOCALIZABILITY_NONLOCALIZED = YES;
				CLANG_ANALYZER_NONNULL = YES;
				CLANG_ANALYZER_NUMBER_OBJECT_CONVERSION = YES_AGGRESSIVE;
				CLANG_CXX_LANGUAGE_STANDARD = "gnu++14";
				CLANG_CXX_LIBRARY = "libc++";
				CLANG_ENABLE_MODULES = YES;
				CLANG_ENABLE_OBJC_ARC = YES;
				CLANG_ENABLE_OBJC_WEAK = YES;
				CLANG_WARN_BLOCK_CAPTURE_AUTORELEASING = YES;
				CLANG_WARN_BOOL_CONVERSION = YES;
				CLANG_WARN_COMMA = YES;
				CLANG_WARN_CONSTANT_CONVERSION = YES;
				CLANG_WARN_DEPRECATED_OBJC_IMPLEMENTATIONS = YES;
				CLANG_WARN_DIRECT_OBJC_ISA_USAGE = YES_ERROR;
				CLANG_WARN_DOCUMENTATION_COMMENTS = YES;
				CLANG_WARN_EMPTY_BODY = YES;
				CLANG_WARN_ENUM_CONVERSION = YES;
				CLANG_WARN_INFINITE_RECURSION = YES;
				CLANG_WARN_INT_CONVERSION = YES;
				CLANG_WARN_NON_LITERAL_NULL_CONVERSION = YES;
				CLANG_WARN_OBJC_IMPLICIT_RETAIN_SELF = YES;
				CLANG_WARN_OBJC_LITERAL_CONVERSION = YES;
				CLANG_WARN_OBJC_ROOT_CLASS = YES_ERROR;
				CLANG_WARN_RANGE_LOOP_ANALYSIS = YES;
				CLANG_WARN_STRICT_PROTOTYPES = YES;
				CLANG_WARN_SUSPICIOUS_MOVE = YES;
				CLANG_WARN_UNGUARDED_AVAILABILITY = YES_AGGRESSIVE;
				CLANG_WARN_UNREACHABLE_CODE = YES;
				CLANG_WARN__DUPLICATE_METHOD_MATCH = YES;
				CODE_SIGN_IDENTITY = "iPhone Developer";
				COPY_PHASE_STRIP = NO;
				DEBUG_INFORMATION_FORMAT = "dwarf-with-dsym";
				ENABLE_NS_ASSERTIONS = NO;
				ENABLE_STRICT_OBJC_MSGSEND = YES;
				GCC_C_LANGUAGE_STANDARD = gnu11;
				GCC_NO_COMMON_BLOCKS = YES;
				GCC_WARN_64_TO_32_BIT_CONVERSION = YES;
				GCC_WARN_ABOUT_RETURN_TYPE = YES_ERROR;
				GCC_WARN_UNDECLARED_SELECTOR = YES;
				GCC_WARN_UNINITIALIZED_AUTOS = YES_AGGRESSIVE;
				GCC_WARN_UNUSED_FUNCTION = YES;
				GCC_WARN_UNUSED_VARIABLE = YES;
				IPHONEOS_DEPLOYMENT_TARGET = 12.0;
				MTL_ENABLE_DEBUG_INFO = NO;
				MTL_FAST_MATH = YES;
				SDKROOT = iphoneos;
				SWIFT_COMPILATION_MODE = wholemodule;
				SWIFT_OPTIMIZATION_LEVEL = "-O";
				VALIDATE_PRODUCT = YES;
			};
			name = Release;
		};
		95084DDD2184033E00966399 /* Debug */ = {
			isa = XCBuildConfiguration;
			baseConfigurationReference = 375DFA19E02B7A1B8198DCE1 /* Pods-DreamHackersForum.debug.xcconfig */;
			buildSettings = {
				ASSETCATALOG_COMPILER_APPICON_NAME = AppIcon;
				CODE_SIGN_ENTITLEMENTS = DreamHackersForum/DreamHackersForum.entitlements;
				CODE_SIGN_STYLE = Automatic;
				DEVELOPMENT_TEAM = CVFSZXK7VF;
				INFOPLIST_FILE = "$(SRCROOT)/DreamHackersForum/SupportedFiles/Info.plist";
				IPHONEOS_DEPLOYMENT_TARGET = 10.0;
				LD_RUNPATH_SEARCH_PATHS = (
					"$(inherited)",
					"@executable_path/Frameworks",
				);
				PRODUCT_BUNDLE_IDENTIFIER = moslienko.IPBoardReader;
				PRODUCT_NAME = "$(TARGET_NAME)";
				SWIFT_VERSION = 5.0;
				TARGETED_DEVICE_FAMILY = "1,2";
			};
			name = Debug;
		};
		95084DDE2184033E00966399 /* Release */ = {
			isa = XCBuildConfiguration;
			baseConfigurationReference = 0F25BDB8DFC24872380F5D31 /* Pods-DreamHackersForum.release.xcconfig */;
			buildSettings = {
				ASSETCATALOG_COMPILER_APPICON_NAME = AppIcon;
				CODE_SIGN_ENTITLEMENTS = DreamHackersForum/DreamHackersForum.entitlements;
				CODE_SIGN_STYLE = Automatic;
				DEVELOPMENT_TEAM = CVFSZXK7VF;
				INFOPLIST_FILE = "$(SRCROOT)/DreamHackersForum/SupportedFiles/Info.plist";
				IPHONEOS_DEPLOYMENT_TARGET = 10.0;
				LD_RUNPATH_SEARCH_PATHS = (
					"$(inherited)",
					"@executable_path/Frameworks",
				);
				PRODUCT_BUNDLE_IDENTIFIER = moslienko.IPBoardReader;
				PRODUCT_NAME = "$(TARGET_NAME)";
				SWIFT_VERSION = 5.0;
				TARGETED_DEVICE_FAMILY = "1,2";
			};
			name = Release;
		};
/* End XCBuildConfiguration section */

/* Begin XCConfigurationList section */
		95084DC52184033C00966399 /* Build configuration list for PBXProject "DreamHackersForum" */ = {
			isa = XCConfigurationList;
			buildConfigurations = (
				95084DDA2184033E00966399 /* Debug */,
				95084DDB2184033E00966399 /* Release */,
			);
			defaultConfigurationIsVisible = 0;
			defaultConfigurationName = Release;
		};
		95084DDC2184033E00966399 /* Build configuration list for PBXNativeTarget "DreamHackersForum" */ = {
			isa = XCConfigurationList;
			buildConfigurations = (
				95084DDD2184033E00966399 /* Debug */,
				95084DDE2184033E00966399 /* Release */,
			);
			defaultConfigurationIsVisible = 0;
			defaultConfigurationName = Release;
		};
/* End XCConfigurationList section */
	};
	rootObject = 95084DC22184033C00966399 /* Project object */;
}
